// !$*UTF8*$!
{
	archiveVersion = 1;
	classes = {
	};
	objectVersion = 46;
	objects = {

/* Begin PBXBuildFile section */
		C2122A7D1C40D0E7009A13F6 /* RegistTableViewController.m in Sources */ = {isa = PBXBuildFile; fileRef = C2122A7C1C40D0E7009A13F6 /* RegistTableViewController.m */; };
		C2122A801C40DE9F009A13F6 /* MBProgressHUD.m in Sources */ = {isa = PBXBuildFile; fileRef = C2122A7F1C40DE9F009A13F6 /* MBProgressHUD.m */; };
		C2122A841C40F2DE009A13F6 /* ActivityDetailViewController.m in Sources */ = {isa = PBXBuildFile; fileRef = C2122A831C40F2DE009A13F6 /* ActivityDetailViewController.m */; };
		C2122A871C410A34009A13F6 /* MovieNextViewController.m in Sources */ = {isa = PBXBuildFile; fileRef = C2122A861C410A34009A13F6 /* MovieNextViewController.m */; };
		C2122A8C1C410D24009A13F6 /* MovieDetal.m in Sources */ = {isa = PBXBuildFile; fileRef = C2122A8B1C410D24009A13F6 /* MovieDetal.m */; };
		C25779AE1C40974F00EC4466 /* User.m in Sources */ = {isa = PBXBuildFile; fileRef = C25779AD1C40974F00EC4466 /* User.m */; };
		C2FBCA141C3FC84D00B244D8 /* main.m in Sources */ = {isa = PBXBuildFile; fileRef = C2FBCA131C3FC84D00B244D8 /* main.m */; };
		C2FBCA171C3FC84D00B244D8 /* AppDelegate.m in Sources */ = {isa = PBXBuildFile; fileRef = C2FBCA161C3FC84D00B244D8 /* AppDelegate.m */; };
		C2FBCA1D1C3FC84E00B244D8 /* Main.storyboard in Resources */ = {isa = PBXBuildFile; fileRef = C2FBCA1B1C3FC84E00B244D8 /* Main.storyboard */; };
		C2FBCA1F1C3FC84E00B244D8 /* Assets.xcassets in Resources */ = {isa = PBXBuildFile; fileRef = C2FBCA1E1C3FC84E00B244D8 /* Assets.xcassets */; };
		C2FBCA221C3FC84E00B244D8 /* LaunchScreen.storyboard in Resources */ = {isa = PBXBuildFile; fileRef = C2FBCA201C3FC84E00B244D8 /* LaunchScreen.storyboard */; };
		C2FBCA2C1C3FC97B00B244D8 /* RootViewController.m in Sources */ = {isa = PBXBuildFile; fileRef = C2FBCA2B1C3FC97B00B244D8 /* RootViewController.m */; };
		C2FBCA791C3FC9FF00B244D8 /* icon_catalog_blue.png in Resources */ = {isa = PBXBuildFile; fileRef = C2FBCA481C3FC9FE00B244D8 /* icon_catalog_blue.png */; };
		C2FBCA7A1C3FC9FF00B244D8 /* icon_catalog_blue@2x.png in Resources */ = {isa = PBXBuildFile; fileRef = C2FBCA491C3FC9FE00B244D8 /* icon_catalog_blue@2x.png */; };
		C2FBCA7B1C3FC9FF00B244D8 /* icon_date_blue.png in Resources */ = {isa = PBXBuildFile; fileRef = C2FBCA4A1C3FC9FE00B244D8 /* icon_date_blue.png */; };
		C2FBCA7C1C3FC9FF00B244D8 /* icon_date_blue@2x.png in Resources */ = {isa = PBXBuildFile; fileRef = C2FBCA4B1C3FC9FE00B244D8 /* icon_date_blue@2x.png */; };
		C2FBCA7D1C3FC9FF00B244D8 /* icon_sponsor_blue.png in Resources */ = {isa = PBXBuildFile; fileRef = C2FBCA4C1C3FC9FE00B244D8 /* icon_sponsor_blue.png */; };
		C2FBCA7E1C3FC9FF00B244D8 /* icon_sponsor_blue@2x.png in Resources */ = {isa = PBXBuildFile; fileRef = C2FBCA4D1C3FC9FE00B244D8 /* icon_sponsor_blue@2x.png */; };
		C2FBCA7F1C3FC9FF00B244D8 /* icon_spot_blue.png in Resources */ = {isa = PBXBuildFile; fileRef = C2FBCA4E1C3FC9FE00B244D8 /* icon_spot_blue.png */; };
		C2FBCA801C3FC9FF00B244D8 /* icon_spot_blue@2x.png in Resources */ = {isa = PBXBuildFile; fileRef = C2FBCA4F1C3FC9FE00B244D8 /* icon_spot_blue@2x.png */; };
		C2FBCA811C3FC9FF00B244D8 /* bg_eventlistcell.png in Resources */ = {isa = PBXBuildFile; fileRef = C2FBCA511C3FC9FE00B244D8 /* bg_eventlistcell.png */; };
		C2FBCA821C3FC9FF00B244D8 /* bg_eventlistcell@2x.png in Resources */ = {isa = PBXBuildFile; fileRef = C2FBCA521C3FC9FE00B244D8 /* bg_eventlistcell@2x.png */; };
		C2FBCA831C3FC9FF00B244D8 /* bg_share_large.png in Resources */ = {isa = PBXBuildFile; fileRef = C2FBCA531C3FC9FE00B244D8 /* bg_share_large.png */; };
		C2FBCA841C3FC9FF00B244D8 /* bg_share_large@2x.png in Resources */ = {isa = PBXBuildFile; fileRef = C2FBCA541C3FC9FE00B244D8 /* bg_share_large@2x.png */; };
		C2FBCA851C3FC9FF00B244D8 /* icon_catalog.png in Resources */ = {isa = PBXBuildFile; fileRef = C2FBCA551C3FC9FE00B244D8 /* icon_catalog.png */; };
		C2FBCA861C3FC9FF00B244D8 /* icon_catalog@2x.png in Resources */ = {isa = PBXBuildFile; fileRef = C2FBCA561C3FC9FE00B244D8 /* icon_catalog@2x.png */; };
		C2FBCA871C3FC9FF00B244D8 /* icon_date.png in Resources */ = {isa = PBXBuildFile; fileRef = C2FBCA571C3FC9FE00B244D8 /* icon_date.png */; };
		C2FBCA881C3FC9FF00B244D8 /* icon_date@2x.png in Resources */ = {isa = PBXBuildFile; fileRef = C2FBCA581C3FC9FE00B244D8 /* icon_date@2x.png */; };
		C2FBCA891C3FC9FF00B244D8 /* icon_spot.png in Resources */ = {isa = PBXBuildFile; fileRef = C2FBCA591C3FC9FE00B244D8 /* icon_spot.png */; };
		C2FBCA8A1C3FC9FF00B244D8 /* icon_spot@2x.png in Resources */ = {isa = PBXBuildFile; fileRef = C2FBCA5A1C3FC9FE00B244D8 /* icon_spot@2x.png */; };
		C2FBCA8B1C3FC9FF00B244D8 /* placeHolder.png in Resources */ = {isa = PBXBuildFile; fileRef = C2FBCA5B1C3FC9FE00B244D8 /* placeHolder.png */; };
		C2FBCA8C1C3FC9FF00B244D8 /* placeHolder@2x.png in Resources */ = {isa = PBXBuildFile; fileRef = C2FBCA5C1C3FC9FE00B244D8 /* placeHolder@2x.png */; };
		C2FBCA8D1C3FC9FF00B244D8 /* ic_star_half@2x.png in Resources */ = {isa = PBXBuildFile; fileRef = C2FBCA5E1C3FC9FE00B244D8 /* ic_star_half@2x.png */; };
		C2FBCA8E1C3FC9FF00B244D8 /* ic_star_red@2x.png in Resources */ = {isa = PBXBuildFile; fileRef = C2FBCA5F1C3FC9FE00B244D8 /* ic_star_red@2x.png */; };
		C2FBCA8F1C3FC9FF00B244D8 /* bg_nav.png in Resources */ = {isa = PBXBuildFile; fileRef = C2FBCA611C3FC9FE00B244D8 /* bg_nav.png */; };
		C2FBCA901C3FC9FF00B244D8 /* bg_nav@2x.png in Resources */ = {isa = PBXBuildFile; fileRef = C2FBCA621C3FC9FE00B244D8 /* bg_nav@2x.png */; };
		C2FBCA911C3FC9FF00B244D8 /* btn_nav_back.png in Resources */ = {isa = PBXBuildFile; fileRef = C2FBCA631C3FC9FE00B244D8 /* btn_nav_back.png */; };
		C2FBCA921C3FC9FF00B244D8 /* btn_nav_back@2x.png in Resources */ = {isa = PBXBuildFile; fileRef = C2FBCA641C3FC9FE00B244D8 /* btn_nav_back@2x.png */; };
		C2FBCA931C3FC9FF00B244D8 /* btn_nav_collection@2x.png in Resources */ = {isa = PBXBuildFile; fileRef = C2FBCA651C3FC9FE00B244D8 /* btn_nav_collection@2x.png */; };
		C2FBCA941C3FC9FF00B244D8 /* btn_nav_list@2x.png in Resources */ = {isa = PBXBuildFile; fileRef = C2FBCA661C3FC9FE00B244D8 /* btn_nav_list@2x.png */; };
		C2FBCA951C3FC9FF00B244D8 /* btn_nav_share.png in Resources */ = {isa = PBXBuildFile; fileRef = C2FBCA671C3FC9FE00B244D8 /* btn_nav_share.png */; };
		C2FBCA961C3FC9FF00B244D8 /* btn_nav_share@2x.png in Resources */ = {isa = PBXBuildFile; fileRef = C2FBCA681C3FC9FE00B244D8 /* btn_nav_share@2x.png */; };
		C2FBCA971C3FC9FF00B244D8 /* star_faved@2x.png in Resources */ = {isa = PBXBuildFile; fileRef = C2FBCA691C3FC9FE00B244D8 /* star_faved@2x.png */; };
		C2FBCA981C3FC9FF00B244D8 /* star_unfav@2x.png in Resources */ = {isa = PBXBuildFile; fileRef = C2FBCA6A1C3FC9FE00B244D8 /* star_unfav@2x.png */; };
		C2FBCA991C3FC9FF00B244D8 /* activity.png in Resources */ = {isa = PBXBuildFile; fileRef = C2FBCA6C1C3FC9FE00B244D8 /* activity.png */; };
		C2FBCA9A1C3FC9FF00B244D8 /* cinema.png in Resources */ = {isa = PBXBuildFile; fileRef = C2FBCA6D1C3FC9FE00B244D8 /* cinema.png */; };
		C2FBCA9B1C3FC9FF00B244D8 /* movie.png in Resources */ = {isa = PBXBuildFile; fileRef = C2FBCA6E1C3FC9FE00B244D8 /* movie.png */; };
		C2FBCA9C1C3FC9FF00B244D8 /* user.png in Resources */ = {isa = PBXBuildFile; fileRef = C2FBCA6F1C3FC9FE00B244D8 /* user.png */; };
		C2FBCA9D1C3FC9FF00B244D8 /* picholder_profile.png in Resources */ = {isa = PBXBuildFile; fileRef = C2FBCA711C3FC9FF00B244D8 /* picholder_profile.png */; };
		C2FBCA9E1C3FC9FF00B244D8 /* picholder_profile@2x.png in Resources */ = {isa = PBXBuildFile; fileRef = C2FBCA721C3FC9FF00B244D8 /* picholder_profile@2x.png */; };
		C2FBCA9F1C3FC9FF00B244D8 /* User_Profiles_bg.png in Resources */ = {isa = PBXBuildFile; fileRef = C2FBCA731C3FC9FF00B244D8 /* User_Profiles_bg.png */; };
		C2FBCAA01C3FC9FF00B244D8 /* User_Profiles_bg@2x.png in Resources */ = {isa = PBXBuildFile; fileRef = C2FBCA741C3FC9FF00B244D8 /* User_Profiles_bg@2x.png */; };
		C2FBCAA11C3FC9FF00B244D8 /* bg-568h@2x.png in Resources */ = {isa = PBXBuildFile; fileRef = C2FBCA761C3FC9FF00B244D8 /* bg-568h@2x.png */; };
		C2FBCAA21C3FC9FF00B244D8 /* bg@2x.png in Resources */ = {isa = PBXBuildFile; fileRef = C2FBCA771C3FC9FF00B244D8 /* bg@2x.png */; };
		C2FBCAA31C3FC9FF00B244D8 /* i0con@2x.png in Resources */ = {isa = PBXBuildFile; fileRef = C2FBCA781C3FC9FF00B244D8 /* i0con@2x.png */; };
		C2FBCAAC1C3FCB9100B244D8 /* ActivityTableViewController.m in Sources */ = {isa = PBXBuildFile; fileRef = C2FBCAAB1C3FCB9100B244D8 /* ActivityTableViewController.m */; };
		C2FBCAAF1C3FCB9B00B244D8 /* MovieTableViewController.m in Sources */ = {isa = PBXBuildFile; fileRef = C2FBCAAE1C3FCB9B00B244D8 /* MovieTableViewController.m */; };
		C2FBCAB21C3FCBA400B244D8 /* CinemaTableViewController.m in Sources */ = {isa = PBXBuildFile; fileRef = C2FBCAB11C3FCBA400B244D8 /* CinemaTableViewController.m */; };
		C2FBCAB61C3FCBB100B244D8 /* MyTableViewController.m in Sources */ = {isa = PBXBuildFile; fileRef = C2FBCAB51C3FCBB100B244D8 /* MyTableViewController.m */; };
		C2FBCABA1C3FCD8200B244D8 /* NetWorkHelper.m in Sources */ = {isa = PBXBuildFile; fileRef = C2FBCAB91C3FCD8200B244D8 /* NetWorkHelper.m */; };
		C2FBCABD1C3FD2D100B244D8 /* ActivityModel.m in Sources */ = {isa = PBXBuildFile; fileRef = C2FBCABC1C3FD2D100B244D8 /* ActivityModel.m */; };
		C2FBCAC11C3FD53900B244D8 /* ActivityTableViewCell.m in Sources */ = {isa = PBXBuildFile; fileRef = C2FBCABF1C3FD53900B244D8 /* ActivityTableViewCell.m */; };
		C2FBCAC21C3FD53900B244D8 /* ActivityTableViewCell.xib in Resources */ = {isa = PBXBuildFile; fileRef = C2FBCAC01C3FD53900B244D8 /* ActivityTableViewCell.xib */; };
		C2FBCAE61C3FD99D00B244D8 /* MKAnnotationView+WebCache.m in Sources */ = {isa = PBXBuildFile; fileRef = C2FBCAC61C3FD99D00B244D8 /* MKAnnotationView+WebCache.m */; };
		C2FBCAE71C3FD99D00B244D8 /* NSData+ImageContentType.m in Sources */ = {isa = PBXBuildFile; fileRef = C2FBCAC81C3FD99D00B244D8 /* NSData+ImageContentType.m */; };
		C2FBCAE81C3FD99D00B244D8 /* SDImageCache.m in Sources */ = {isa = PBXBuildFile; fileRef = C2FBCACA1C3FD99D00B244D8 /* SDImageCache.m */; };
		C2FBCAE91C3FD99D00B244D8 /* SDWebImageCompat.m in Sources */ = {isa = PBXBuildFile; fileRef = C2FBCACC1C3FD99D00B244D8 /* SDWebImageCompat.m */; };
		C2FBCAEA1C3FD99D00B244D8 /* SDWebImageDecoder.m in Sources */ = {isa = PBXBuildFile; fileRef = C2FBCACE1C3FD99D00B244D8 /* SDWebImageDecoder.m */; };
		C2FBCAEB1C3FD99D00B244D8 /* SDWebImageDownloader.m in Sources */ = {isa = PBXBuildFile; fileRef = C2FBCAD01C3FD99D00B244D8 /* SDWebImageDownloader.m */; };
		C2FBCAEC1C3FD99D00B244D8 /* SDWebImageDownloaderOperation.m in Sources */ = {isa = PBXBuildFile; fileRef = C2FBCAD21C3FD99D00B244D8 /* SDWebImageDownloaderOperation.m */; };
		C2FBCAED1C3FD99D00B244D8 /* SDWebImageManager.m in Sources */ = {isa = PBXBuildFile; fileRef = C2FBCAD41C3FD99D00B244D8 /* SDWebImageManager.m */; };
		C2FBCAEE1C3FD99D00B244D8 /* SDWebImagePrefetcher.m in Sources */ = {isa = PBXBuildFile; fileRef = C2FBCAD71C3FD99D00B244D8 /* SDWebImagePrefetcher.m */; };
		C2FBCAEF1C3FD99D00B244D8 /* UIButton+WebCache.m in Sources */ = {isa = PBXBuildFile; fileRef = C2FBCAD91C3FD99D00B244D8 /* UIButton+WebCache.m */; };
		C2FBCAF01C3FD99D00B244D8 /* UIImage+GIF.m in Sources */ = {isa = PBXBuildFile; fileRef = C2FBCADB1C3FD99D00B244D8 /* UIImage+GIF.m */; };
		C2FBCAF11C3FD99D00B244D8 /* UIImage+MultiFormat.m in Sources */ = {isa = PBXBuildFile; fileRef = C2FBCADD1C3FD99D00B244D8 /* UIImage+MultiFormat.m */; };
		C2FBCAF21C3FD99D00B244D8 /* UIImage+WebP.m in Sources */ = {isa = PBXBuildFile; fileRef = C2FBCADF1C3FD99D00B244D8 /* UIImage+WebP.m */; };
		C2FBCAF31C3FD99D00B244D8 /* UIImageView+HighlightedWebCache.m in Sources */ = {isa = PBXBuildFile; fileRef = C2FBCAE11C3FD99D00B244D8 /* UIImageView+HighlightedWebCache.m */; };
		C2FBCAF41C3FD99D00B244D8 /* UIImageView+WebCache.m in Sources */ = {isa = PBXBuildFile; fileRef = C2FBCAE31C3FD99D00B244D8 /* UIImageView+WebCache.m */; };
		C2FBCAF51C3FD99D00B244D8 /* UIView+WebCacheOperation.m in Sources */ = {isa = PBXBuildFile; fileRef = C2FBCAE51C3FD99D00B244D8 /* UIView+WebCacheOperation.m */; };
		C2FBCAFB1C3FE80500B244D8 /* MovieModel.m in Sources */ = {isa = PBXBuildFile; fileRef = C2FBCAFA1C3FE80500B244D8 /* MovieModel.m */; };
		C2FBCB021C3FE83F00B244D8 /* MovieTableViewCell.m in Sources */ = {isa = PBXBuildFile; fileRef = C2FBCB001C3FE83F00B244D8 /* MovieTableViewCell.m */; };
		C2FBCB031C3FE83F00B244D8 /* MovieTableViewCell.xib in Resources */ = {isa = PBXBuildFile; fileRef = C2FBCB011C3FE83F00B244D8 /* MovieTableViewCell.xib */; };
		C2FBCB0A1C3FF16600B244D8 /* MovieCollectionViewCell.m in Sources */ = {isa = PBXBuildFile; fileRef = C2FBCB081C3FF16600B244D8 /* MovieCollectionViewCell.m */; };
		C2FBCB0B1C3FF16600B244D8 /* MovieCollectionViewCell.xib in Resources */ = {isa = PBXBuildFile; fileRef = C2FBCB091C3FF16600B244D8 /* MovieCollectionViewCell.xib */; };
		C2FBCB0F1C3FF64400B244D8 /* CinemaTableViewCell.m in Sources */ = {isa = PBXBuildFile; fileRef = C2FBCB0D1C3FF64400B244D8 /* CinemaTableViewCell.m */; };
		C2FBCB101C3FF64400B244D8 /* CinemaTableViewCell.xib in Resources */ = {isa = PBXBuildFile; fileRef = C2FBCB0E1C3FF64400B244D8 /* CinemaTableViewCell.xib */; };
		C2FBCB131C3FF66500B244D8 /* CinemaModel.m in Sources */ = {isa = PBXBuildFile; fileRef = C2FBCB121C3FF66500B244D8 /* CinemaModel.m */; };
		C2FBCB171C3FFCB400B244D8 /* LoginViewController.m in Sources */ = {isa = PBXBuildFile; fileRef = C2FBCB161C3FFCB400B244D8 /* LoginViewController.m */; };
		C2FBCB291C40017F00B244D8 /* FMDatabase.m in Sources */ = {isa = PBXBuildFile; fileRef = C2FBCB1F1C40017F00B244D8 /* FMDatabase.m */; };
		C2FBCB2A1C40017F00B244D8 /* FMDatabaseAdditions.m in Sources */ = {isa = PBXBuildFile; fileRef = C2FBCB211C40017F00B244D8 /* FMDatabaseAdditions.m */; };
		C2FBCB2B1C40017F00B244D8 /* FMDatabasePool.m in Sources */ = {isa = PBXBuildFile; fileRef = C2FBCB231C40017F00B244D8 /* FMDatabasePool.m */; };
		C2FBCB2C1C40017F00B244D8 /* FMDatabaseQueue.m in Sources */ = {isa = PBXBuildFile; fileRef = C2FBCB251C40017F00B244D8 /* FMDatabaseQueue.m */; };
		C2FBCB2D1C40017F00B244D8 /* FMResultSet.m in Sources */ = {isa = PBXBuildFile; fileRef = C2FBCB281C40017F00B244D8 /* FMResultSet.m */; };
		C2FBCB301C40019100B244D8 /* DataHelper.m in Sources */ = {isa = PBXBuildFile; fileRef = C2FBCB2F1C40019100B244D8 /* DataHelper.m */; };
		C2FBCB321C4001CB00B244D8 /* libsqlite3.tbd in Frameworks */ = {isa = PBXBuildFile; fileRef = C2FBCB311C4001CB00B244D8 /* libsqlite3.tbd */; };
		C2FBCB351C40027900B244D8 /* FavouriteTableViewController.m in Sources */ = {isa = PBXBuildFile; fileRef = C2FBCB341C40027900B244D8 /* FavouriteTableViewController.m */; };
		C2FBCB391C4002CD00B244D8 /* FavouriteModel.m in Sources */ = {isa = PBXBuildFile; fileRef = C2FBCB381C4002CD00B244D8 /* FavouriteModel.m */; };
/* End PBXBuildFile section */

/* Begin PBXFileReference section */
		C2122A7B1C40D0E7009A13F6 /* RegistTableViewController.h */ = {isa = PBXFileReference; fileEncoding = 4; lastKnownFileType = sourcecode.c.h; path = RegistTableViewController.h; sourceTree = "<group>"; };
		C2122A7C1C40D0E7009A13F6 /* RegistTableViewController.m */ = {isa = PBXFileReference; fileEncoding = 4; lastKnownFileType = sourcecode.c.objc; path = RegistTableViewController.m; sourceTree = "<group>"; };
		C2122A7E1C40DE9F009A13F6 /* MBProgressHUD.h */ = {isa = PBXFileReference; fileEncoding = 4; lastKnownFileType = sourcecode.c.h; path = MBProgressHUD.h; sourceTree = "<group>"; };
		C2122A7F1C40DE9F009A13F6 /* MBProgressHUD.m */ = {isa = PBXFileReference; fileEncoding = 4; lastKnownFileType = sourcecode.c.objc; path = MBProgressHUD.m; sourceTree = "<group>"; };
		C2122A821C40F2DE009A13F6 /* ActivityDetailViewController.h */ = {isa = PBXFileReference; fileEncoding = 4; lastKnownFileType = sourcecode.c.h; path = ActivityDetailViewController.h; sourceTree = "<group>"; };
		C2122A831C40F2DE009A13F6 /* ActivityDetailViewController.m */ = {isa = PBXFileReference; fileEncoding = 4; lastKnownFileType = sourcecode.c.objc; path = ActivityDetailViewController.m; sourceTree = "<group>"; };
		C2122A851C410A34009A13F6 /* MovieNextViewController.h */ = {isa = PBXFileReference; fileEncoding = 4; lastKnownFileType = sourcecode.c.h; path = MovieNextViewController.h; sourceTree = "<group>"; };
		C2122A861C410A34009A13F6 /* MovieNextViewController.m */ = {isa = PBXFileReference; fileEncoding = 4; lastKnownFileType = sourcecode.c.objc; path = MovieNextViewController.m; sourceTree = "<group>"; };
		C2122A8A1C410D24009A13F6 /* MovieDetal.h */ = {isa = PBXFileReference; fileEncoding = 4; lastKnownFileType = sourcecode.c.h; path = MovieDetal.h; sourceTree = "<group>"; };
		C2122A8B1C410D24009A13F6 /* MovieDetal.m */ = {isa = PBXFileReference; fileEncoding = 4; lastKnownFileType = sourcecode.c.objc; path = MovieDetal.m; sourceTree = "<group>"; };
		C25779AC1C40974F00EC4466 /* User.h */ = {isa = PBXFileReference; fileEncoding = 4; lastKnownFileType = sourcecode.c.h; path = User.h; sourceTree = "<group>"; };
		C25779AD1C40974F00EC4466 /* User.m */ = {isa = PBXFileReference; fileEncoding = 4; lastKnownFileType = sourcecode.c.objc; path = User.m; sourceTree = "<group>"; };
		C2FBCA0F1C3FC84D00B244D8 /* DouBan-Today.app */ = {isa = PBXFileReference; explicitFileType = wrapper.application; includeInIndex = 0; path = "DouBan-Today.app"; sourceTree = BUILT_PRODUCTS_DIR; };
		C2FBCA131C3FC84D00B244D8 /* main.m */ = {isa = PBXFileReference; lastKnownFileType = sourcecode.c.objc; path = main.m; sourceTree = "<group>"; };
		C2FBCA151C3FC84D00B244D8 /* AppDelegate.h */ = {isa = PBXFileReference; lastKnownFileType = sourcecode.c.h; path = AppDelegate.h; sourceTree = "<group>"; };
		C2FBCA161C3FC84D00B244D8 /* AppDelegate.m */ = {isa = PBXFileReference; lastKnownFileType = sourcecode.c.objc; path = AppDelegate.m; sourceTree = "<group>"; };
		C2FBCA1C1C3FC84E00B244D8 /* Base */ = {isa = PBXFileReference; lastKnownFileType = file.storyboard; name = Base; path = Base.lproj/Main.storyboard; sourceTree = "<group>"; };
		C2FBCA1E1C3FC84E00B244D8 /* Assets.xcassets */ = {isa = PBXFileReference; lastKnownFileType = folder.assetcatalog; path = Assets.xcassets; sourceTree = "<group>"; };
		C2FBCA211C3FC84E00B244D8 /* Base */ = {isa = PBXFileReference; lastKnownFileType = file.storyboard; name = Base; path = Base.lproj/LaunchScreen.storyboard; sourceTree = "<group>"; };
		C2FBCA231C3FC84E00B244D8 /* Info.plist */ = {isa = PBXFileReference; lastKnownFileType = text.plist.xml; path = Info.plist; sourceTree = "<group>"; };
		C2FBCA291C3FC88600B244D8 /* DouBan-PreFix.pch */ = {isa = PBXFileReference; fileEncoding = 4; lastKnownFileType = sourcecode.c.h; name = "DouBan-PreFix.pch"; path = "../DouBan-PreFix.pch"; sourceTree = "<group>"; };
		C2FBCA2A1C3FC97B00B244D8 /* RootViewController.h */ = {isa = PBXFileReference; fileEncoding = 4; lastKnownFileType = sourcecode.c.h; path = RootViewController.h; sourceTree = "<group>"; };
		C2FBCA2B1C3FC97B00B244D8 /* RootViewController.m */ = {isa = PBXFileReference; fileEncoding = 4; lastKnownFileType = sourcecode.c.objc; path = RootViewController.m; sourceTree = "<group>"; };
		C2FBCA481C3FC9FE00B244D8 /* icon_catalog_blue.png */ = {isa = PBXFileReference; lastKnownFileType = image.png; path = icon_catalog_blue.png; sourceTree = "<group>"; };
		C2FBCA491C3FC9FE00B244D8 /* icon_catalog_blue@2x.png */ = {isa = PBXFileReference; lastKnownFileType = image.png; path = "icon_catalog_blue@2x.png"; sourceTree = "<group>"; };
		C2FBCA4A1C3FC9FE00B244D8 /* icon_date_blue.png */ = {isa = PBXFileReference; lastKnownFileType = image.png; path = icon_date_blue.png; sourceTree = "<group>"; };
		C2FBCA4B1C3FC9FE00B244D8 /* icon_date_blue@2x.png */ = {isa = PBXFileReference; lastKnownFileType = image.png; path = "icon_date_blue@2x.png"; sourceTree = "<group>"; };
		C2FBCA4C1C3FC9FE00B244D8 /* icon_sponsor_blue.png */ = {isa = PBXFileReference; lastKnownFileType = image.png; path = icon_sponsor_blue.png; sourceTree = "<group>"; };
		C2FBCA4D1C3FC9FE00B244D8 /* icon_sponsor_blue@2x.png */ = {isa = PBXFileReference; lastKnownFileType = image.png; path = "icon_sponsor_blue@2x.png"; sourceTree = "<group>"; };
		C2FBCA4E1C3FC9FE00B244D8 /* icon_spot_blue.png */ = {isa = PBXFileReference; lastKnownFileType = image.png; path = icon_spot_blue.png; sourceTree = "<group>"; };
		C2FBCA4F1C3FC9FE00B244D8 /* icon_spot_blue@2x.png */ = {isa = PBXFileReference; lastKnownFileType = image.png; path = "icon_spot_blue@2x.png"; sourceTree = "<group>"; };
		C2FBCA511C3FC9FE00B244D8 /* bg_eventlistcell.png */ = {isa = PBXFileReference; lastKnownFileType = image.png; path = bg_eventlistcell.png; sourceTree = "<group>"; };
		C2FBCA521C3FC9FE00B244D8 /* bg_eventlistcell@2x.png */ = {isa = PBXFileReference; lastKnownFileType = image.png; path = "bg_eventlistcell@2x.png"; sourceTree = "<group>"; };
		C2FBCA531C3FC9FE00B244D8 /* bg_share_large.png */ = {isa = PBXFileReference; lastKnownFileType = image.png; path = bg_share_large.png; sourceTree = "<group>"; };
		C2FBCA541C3FC9FE00B244D8 /* bg_share_large@2x.png */ = {isa = PBXFileReference; lastKnownFileType = image.png; path = "bg_share_large@2x.png"; sourceTree = "<group>"; };
		C2FBCA551C3FC9FE00B244D8 /* icon_catalog.png */ = {isa = PBXFileReference; lastKnownFileType = image.png; path = icon_catalog.png; sourceTree = "<group>"; };
		C2FBCA561C3FC9FE00B244D8 /* icon_catalog@2x.png */ = {isa = PBXFileReference; lastKnownFileType = image.png; path = "icon_catalog@2x.png"; sourceTree = "<group>"; };
		C2FBCA571C3FC9FE00B244D8 /* icon_date.png */ = {isa = PBXFileReference; lastKnownFileType = image.png; path = icon_date.png; sourceTree = "<group>"; };
		C2FBCA581C3FC9FE00B244D8 /* icon_date@2x.png */ = {isa = PBXFileReference; lastKnownFileType = image.png; path = "icon_date@2x.png"; sourceTree = "<group>"; };
		C2FBCA591C3FC9FE00B244D8 /* icon_spot.png */ = {isa = PBXFileReference; lastKnownFileType = image.png; path = icon_spot.png; sourceTree = "<group>"; };
		C2FBCA5A1C3FC9FE00B244D8 /* icon_spot@2x.png */ = {isa = PBXFileReference; lastKnownFileType = image.png; path = "icon_spot@2x.png"; sourceTree = "<group>"; };
		C2FBCA5B1C3FC9FE00B244D8 /* placeHolder.png */ = {isa = PBXFileReference; lastKnownFileType = image.png; path = placeHolder.png; sourceTree = "<group>"; };
		C2FBCA5C1C3FC9FE00B244D8 /* placeHolder@2x.png */ = {isa = PBXFileReference; lastKnownFileType = image.png; path = "placeHolder@2x.png"; sourceTree = "<group>"; };
		C2FBCA5E1C3FC9FE00B244D8 /* ic_star_half@2x.png */ = {isa = PBXFileReference; lastKnownFileType = image.png; path = "ic_star_half@2x.png"; sourceTree = "<group>"; };
		C2FBCA5F1C3FC9FE00B244D8 /* ic_star_red@2x.png */ = {isa = PBXFileReference; lastKnownFileType = image.png; path = "ic_star_red@2x.png"; sourceTree = "<group>"; };
		C2FBCA611C3FC9FE00B244D8 /* bg_nav.png */ = {isa = PBXFileReference; lastKnownFileType = image.png; path = bg_nav.png; sourceTree = "<group>"; };
		C2FBCA621C3FC9FE00B244D8 /* bg_nav@2x.png */ = {isa = PBXFileReference; lastKnownFileType = image.png; path = "bg_nav@2x.png"; sourceTree = "<group>"; };
		C2FBCA631C3FC9FE00B244D8 /* btn_nav_back.png */ = {isa = PBXFileReference; lastKnownFileType = image.png; path = btn_nav_back.png; sourceTree = "<group>"; };
		C2FBCA641C3FC9FE00B244D8 /* btn_nav_back@2x.png */ = {isa = PBXFileReference; lastKnownFileType = image.png; path = "btn_nav_back@2x.png"; sourceTree = "<group>"; };
		C2FBCA651C3FC9FE00B244D8 /* btn_nav_collection@2x.png */ = {isa = PBXFileReference; lastKnownFileType = image.png; path = "btn_nav_collection@2x.png"; sourceTree = "<group>"; };
		C2FBCA661C3FC9FE00B244D8 /* btn_nav_list@2x.png */ = {isa = PBXFileReference; lastKnownFileType = image.png; path = "btn_nav_list@2x.png"; sourceTree = "<group>"; };
		C2FBCA671C3FC9FE00B244D8 /* btn_nav_share.png */ = {isa = PBXFileReference; lastKnownFileType = image.png; path = btn_nav_share.png; sourceTree = "<group>"; };
		C2FBCA681C3FC9FE00B244D8 /* btn_nav_share@2x.png */ = {isa = PBXFileReference; lastKnownFileType = image.png; path = "btn_nav_share@2x.png"; sourceTree = "<group>"; };
		C2FBCA691C3FC9FE00B244D8 /* star_faved@2x.png */ = {isa = PBXFileReference; lastKnownFileType = image.png; path = "star_faved@2x.png"; sourceTree = "<group>"; };
		C2FBCA6A1C3FC9FE00B244D8 /* star_unfav@2x.png */ = {isa = PBXFileReference; lastKnownFileType = image.png; path = "star_unfav@2x.png"; sourceTree = "<group>"; };
		C2FBCA6C1C3FC9FE00B244D8 /* activity.png */ = {isa = PBXFileReference; lastKnownFileType = image.png; path = activity.png; sourceTree = "<group>"; };
		C2FBCA6D1C3FC9FE00B244D8 /* cinema.png */ = {isa = PBXFileReference; lastKnownFileType = image.png; path = cinema.png; sourceTree = "<group>"; };
		C2FBCA6E1C3FC9FE00B244D8 /* movie.png */ = {isa = PBXFileReference; lastKnownFileType = image.png; path = movie.png; sourceTree = "<group>"; };
		C2FBCA6F1C3FC9FE00B244D8 /* user.png */ = {isa = PBXFileReference; lastKnownFileType = image.png; path = user.png; sourceTree = "<group>"; };
		C2FBCA711C3FC9FF00B244D8 /* picholder_profile.png */ = {isa = PBXFileReference; lastKnownFileType = image.png; path = picholder_profile.png; sourceTree = "<group>"; };
		C2FBCA721C3FC9FF00B244D8 /* picholder_profile@2x.png */ = {isa = PBXFileReference; lastKnownFileType = image.png; path = "picholder_profile@2x.png"; sourceTree = "<group>"; };
		C2FBCA731C3FC9FF00B244D8 /* User_Profiles_bg.png */ = {isa = PBXFileReference; lastKnownFileType = image.png; path = User_Profiles_bg.png; sourceTree = "<group>"; };
		C2FBCA741C3FC9FF00B244D8 /* User_Profiles_bg@2x.png */ = {isa = PBXFileReference; lastKnownFileType = image.png; path = "User_Profiles_bg@2x.png"; sourceTree = "<group>"; };
		C2FBCA761C3FC9FF00B244D8 /* bg-568h@2x.png */ = {isa = PBXFileReference; lastKnownFileType = image.png; path = "bg-568h@2x.png"; sourceTree = "<group>"; };
		C2FBCA771C3FC9FF00B244D8 /* bg@2x.png */ = {isa = PBXFileReference; lastKnownFileType = image.png; path = "bg@2x.png"; sourceTree = "<group>"; };
		C2FBCA781C3FC9FF00B244D8 /* i0con@2x.png */ = {isa = PBXFileReference; lastKnownFileType = image.png; path = "i0con@2x.png"; sourceTree = "<group>"; };
		C2FBCAAA1C3FCB9100B244D8 /* ActivityTableViewController.h */ = {isa = PBXFileReference; fileEncoding = 4; lastKnownFileType = sourcecode.c.h; path = ActivityTableViewController.h; sourceTree = "<group>"; };
		C2FBCAAB1C3FCB9100B244D8 /* ActivityTableViewController.m */ = {isa = PBXFileReference; fileEncoding = 4; lastKnownFileType = sourcecode.c.objc; path = ActivityTableViewController.m; sourceTree = "<group>"; };
		C2FBCAAD1C3FCB9B00B244D8 /* MovieTableViewController.h */ = {isa = PBXFileReference; fileEncoding = 4; lastKnownFileType = sourcecode.c.h; path = MovieTableViewController.h; sourceTree = "<group>"; };
		C2FBCAAE1C3FCB9B00B244D8 /* MovieTableViewController.m */ = {isa = PBXFileReference; fileEncoding = 4; lastKnownFileType = sourcecode.c.objc; path = MovieTableViewController.m; sourceTree = "<group>"; };
		C2FBCAB01C3FCBA400B244D8 /* CinemaTableViewController.h */ = {isa = PBXFileReference; fileEncoding = 4; lastKnownFileType = sourcecode.c.h; path = CinemaTableViewController.h; sourceTree = "<group>"; };
		C2FBCAB11C3FCBA400B244D8 /* CinemaTableViewController.m */ = {isa = PBXFileReference; fileEncoding = 4; lastKnownFileType = sourcecode.c.objc; path = CinemaTableViewController.m; sourceTree = "<group>"; };
		C2FBCAB41C3FCBB100B244D8 /* MyTableViewController.h */ = {isa = PBXFileReference; fileEncoding = 4; lastKnownFileType = sourcecode.c.h; path = MyTableViewController.h; sourceTree = "<group>"; };
		C2FBCAB51C3FCBB100B244D8 /* MyTableViewController.m */ = {isa = PBXFileReference; fileEncoding = 4; lastKnownFileType = sourcecode.c.objc; path = MyTableViewController.m; sourceTree = "<group>"; };
		C2FBCAB81C3FCD8200B244D8 /* NetWorkHelper.h */ = {isa = PBXFileReference; fileEncoding = 4; lastKnownFileType = sourcecode.c.h; path = NetWorkHelper.h; sourceTree = "<group>"; };
		C2FBCAB91C3FCD8200B244D8 /* NetWorkHelper.m */ = {isa = PBXFileReference; fileEncoding = 4; lastKnownFileType = sourcecode.c.objc; path = NetWorkHelper.m; sourceTree = "<group>"; };
		C2FBCABB1C3FD2D100B244D8 /* ActivityModel.h */ = {isa = PBXFileReference; fileEncoding = 4; lastKnownFileType = sourcecode.c.h; path = ActivityModel.h; sourceTree = "<group>"; };
		C2FBCABC1C3FD2D100B244D8 /* ActivityModel.m */ = {isa = PBXFileReference; fileEncoding = 4; lastKnownFileType = sourcecode.c.objc; path = ActivityModel.m; sourceTree = "<group>"; };
		C2FBCABE1C3FD53900B244D8 /* ActivityTableViewCell.h */ = {isa = PBXFileReference; fileEncoding = 4; lastKnownFileType = sourcecode.c.h; path = ActivityTableViewCell.h; sourceTree = "<group>"; };
		C2FBCABF1C3FD53900B244D8 /* ActivityTableViewCell.m */ = {isa = PBXFileReference; fileEncoding = 4; lastKnownFileType = sourcecode.c.objc; path = ActivityTableViewCell.m; sourceTree = "<group>"; };
		C2FBCAC01C3FD53900B244D8 /* ActivityTableViewCell.xib */ = {isa = PBXFileReference; fileEncoding = 4; lastKnownFileType = file.xib; path = ActivityTableViewCell.xib; sourceTree = "<group>"; };
		C2FBCAC51C3FD99D00B244D8 /* MKAnnotationView+WebCache.h */ = {isa = PBXFileReference; fileEncoding = 4; lastKnownFileType = sourcecode.c.h; path = "MKAnnotationView+WebCache.h"; sourceTree = "<group>"; };
		C2FBCAC61C3FD99D00B244D8 /* MKAnnotationView+WebCache.m */ = {isa = PBXFileReference; fileEncoding = 4; lastKnownFileType = sourcecode.c.objc; path = "MKAnnotationView+WebCache.m"; sourceTree = "<group>"; };
		C2FBCAC71C3FD99D00B244D8 /* NSData+ImageContentType.h */ = {isa = PBXFileReference; fileEncoding = 4; lastKnownFileType = sourcecode.c.h; path = "NSData+ImageContentType.h"; sourceTree = "<group>"; };
		C2FBCAC81C3FD99D00B244D8 /* NSData+ImageContentType.m */ = {isa = PBXFileReference; fileEncoding = 4; lastKnownFileType = sourcecode.c.objc; path = "NSData+ImageContentType.m"; sourceTree = "<group>"; };
		C2FBCAC91C3FD99D00B244D8 /* SDImageCache.h */ = {isa = PBXFileReference; fileEncoding = 4; lastKnownFileType = sourcecode.c.h; path = SDImageCache.h; sourceTree = "<group>"; };
		C2FBCACA1C3FD99D00B244D8 /* SDImageCache.m */ = {isa = PBXFileReference; fileEncoding = 4; lastKnownFileType = sourcecode.c.objc; path = SDImageCache.m; sourceTree = "<group>"; };
		C2FBCACB1C3FD99D00B244D8 /* SDWebImageCompat.h */ = {isa = PBXFileReference; fileEncoding = 4; lastKnownFileType = sourcecode.c.h; path = SDWebImageCompat.h; sourceTree = "<group>"; };
		C2FBCACC1C3FD99D00B244D8 /* SDWebImageCompat.m */ = {isa = PBXFileReference; fileEncoding = 4; lastKnownFileType = sourcecode.c.objc; path = SDWebImageCompat.m; sourceTree = "<group>"; };
		C2FBCACD1C3FD99D00B244D8 /* SDWebImageDecoder.h */ = {isa = PBXFileReference; fileEncoding = 4; lastKnownFileType = sourcecode.c.h; path = SDWebImageDecoder.h; sourceTree = "<group>"; };
		C2FBCACE1C3FD99D00B244D8 /* SDWebImageDecoder.m */ = {isa = PBXFileReference; fileEncoding = 4; lastKnownFileType = sourcecode.c.objc; path = SDWebImageDecoder.m; sourceTree = "<group>"; };
		C2FBCACF1C3FD99D00B244D8 /* SDWebImageDownloader.h */ = {isa = PBXFileReference; fileEncoding = 4; lastKnownFileType = sourcecode.c.h; path = SDWebImageDownloader.h; sourceTree = "<group>"; };
		C2FBCAD01C3FD99D00B244D8 /* SDWebImageDownloader.m */ = {isa = PBXFileReference; fileEncoding = 4; lastKnownFileType = sourcecode.c.objc; path = SDWebImageDownloader.m; sourceTree = "<group>"; };
		C2FBCAD11C3FD99D00B244D8 /* SDWebImageDownloaderOperation.h */ = {isa = PBXFileReference; fileEncoding = 4; lastKnownFileType = sourcecode.c.h; path = SDWebImageDownloaderOperation.h; sourceTree = "<group>"; };
		C2FBCAD21C3FD99D00B244D8 /* SDWebImageDownloaderOperation.m */ = {isa = PBXFileReference; fileEncoding = 4; lastKnownFileType = sourcecode.c.objc; path = SDWebImageDownloaderOperation.m; sourceTree = "<group>"; };
		C2FBCAD31C3FD99D00B244D8 /* SDWebImageManager.h */ = {isa = PBXFileReference; fileEncoding = 4; lastKnownFileType = sourcecode.c.h; path = SDWebImageManager.h; sourceTree = "<group>"; };
		C2FBCAD41C3FD99D00B244D8 /* SDWebImageManager.m */ = {isa = PBXFileReference; fileEncoding = 4; lastKnownFileType = sourcecode.c.objc; path = SDWebImageManager.m; sourceTree = "<group>"; };
		C2FBCAD51C3FD99D00B244D8 /* SDWebImageOperation.h */ = {isa = PBXFileReference; fileEncoding = 4; lastKnownFileType = sourcecode.c.h; path = SDWebImageOperation.h; sourceTree = "<group>"; };
		C2FBCAD61C3FD99D00B244D8 /* SDWebImagePrefetcher.h */ = {isa = PBXFileReference; fileEncoding = 4; lastKnownFileType = sourcecode.c.h; path = SDWebImagePrefetcher.h; sourceTree = "<group>"; };
		C2FBCAD71C3FD99D00B244D8 /* SDWebImagePrefetcher.m */ = {isa = PBXFileReference; fileEncoding = 4; lastKnownFileType = sourcecode.c.objc; path = SDWebImagePrefetcher.m; sourceTree = "<group>"; };
		C2FBCAD81C3FD99D00B244D8 /* UIButton+WebCache.h */ = {isa = PBXFileReference; fileEncoding = 4; lastKnownFileType = sourcecode.c.h; path = "UIButton+WebCache.h"; sourceTree = "<group>"; };
		C2FBCAD91C3FD99D00B244D8 /* UIButton+WebCache.m */ = {isa = PBXFileReference; fileEncoding = 4; lastKnownFileType = sourcecode.c.objc; path = "UIButton+WebCache.m"; sourceTree = "<group>"; };
		C2FBCADA1C3FD99D00B244D8 /* UIImage+GIF.h */ = {isa = PBXFileReference; fileEncoding = 4; lastKnownFileType = sourcecode.c.h; path = "UIImage+GIF.h"; sourceTree = "<group>"; };
		C2FBCADB1C3FD99D00B244D8 /* UIImage+GIF.m */ = {isa = PBXFileReference; fileEncoding = 4; lastKnownFileType = sourcecode.c.objc; path = "UIImage+GIF.m"; sourceTree = "<group>"; };
		C2FBCADC1C3FD99D00B244D8 /* UIImage+MultiFormat.h */ = {isa = PBXFileReference; fileEncoding = 4; lastKnownFileType = sourcecode.c.h; path = "UIImage+MultiFormat.h"; sourceTree = "<group>"; };
		C2FBCADD1C3FD99D00B244D8 /* UIImage+MultiFormat.m */ = {isa = PBXFileReference; fileEncoding = 4; lastKnownFileType = sourcecode.c.objc; path = "UIImage+MultiFormat.m"; sourceTree = "<group>"; };
		C2FBCADE1C3FD99D00B244D8 /* UIImage+WebP.h */ = {isa = PBXFileReference; fileEncoding = 4; lastKnownFileType = sourcecode.c.h; path = "UIImage+WebP.h"; sourceTree = "<group>"; };
		C2FBCADF1C3FD99D00B244D8 /* UIImage+WebP.m */ = {isa = PBXFileReference; fileEncoding = 4; lastKnownFileType = sourcecode.c.objc; path = "UIImage+WebP.m"; sourceTree = "<group>"; };
		C2FBCAE01C3FD99D00B244D8 /* UIImageView+HighlightedWebCache.h */ = {isa = PBXFileReference; fileEncoding = 4; lastKnownFileType = sourcecode.c.h; path = "UIImageView+HighlightedWebCache.h"; sourceTree = "<group>"; };
		C2FBCAE11C3FD99D00B244D8 /* UIImageView+HighlightedWebCache.m */ = {isa = PBXFileReference; fileEncoding = 4; lastKnownFileType = sourcecode.c.objc; path = "UIImageView+HighlightedWebCache.m"; sourceTree = "<group>"; };
		C2FBCAE21C3FD99D00B244D8 /* UIImageView+WebCache.h */ = {isa = PBXFileReference; fileEncoding = 4; lastKnownFileType = sourcecode.c.h; path = "UIImageView+WebCache.h"; sourceTree = "<group>"; };
		C2FBCAE31C3FD99D00B244D8 /* UIImageView+WebCache.m */ = {isa = PBXFileReference; fileEncoding = 4; lastKnownFileType = sourcecode.c.objc; path = "UIImageView+WebCache.m"; sourceTree = "<group>"; };
		C2FBCAE41C3FD99D00B244D8 /* UIView+WebCacheOperation.h */ = {isa = PBXFileReference; fileEncoding = 4; lastKnownFileType = sourcecode.c.h; path = "UIView+WebCacheOperation.h"; sourceTree = "<group>"; };
		C2FBCAE51C3FD99D00B244D8 /* UIView+WebCacheOperation.m */ = {isa = PBXFileReference; fileEncoding = 4; lastKnownFileType = sourcecode.c.objc; path = "UIView+WebCacheOperation.m"; sourceTree = "<group>"; };
		C2FBCAF91C3FE80500B244D8 /* MovieModel.h */ = {isa = PBXFileReference; fileEncoding = 4; lastKnownFileType = sourcecode.c.h; path = MovieModel.h; sourceTree = "<group>"; };
		C2FBCAFA1C3FE80500B244D8 /* MovieModel.m */ = {isa = PBXFileReference; fileEncoding = 4; lastKnownFileType = sourcecode.c.objc; path = MovieModel.m; sourceTree = "<group>"; };
		C2FBCAFF1C3FE83F00B244D8 /* MovieTableViewCell.h */ = {isa = PBXFileReference; fileEncoding = 4; lastKnownFileType = sourcecode.c.h; path = MovieTableViewCell.h; sourceTree = "<group>"; };
		C2FBCB001C3FE83F00B244D8 /* MovieTableViewCell.m */ = {isa = PBXFileReference; fileEncoding = 4; lastKnownFileType = sourcecode.c.objc; path = MovieTableViewCell.m; sourceTree = "<group>"; };
		C2FBCB011C3FE83F00B244D8 /* MovieTableViewCell.xib */ = {isa = PBXFileReference; fileEncoding = 4; lastKnownFileType = file.xib; path = MovieTableViewCell.xib; sourceTree = "<group>"; };
		C2FBCB071C3FF16600B244D8 /* MovieCollectionViewCell.h */ = {isa = PBXFileReference; fileEncoding = 4; lastKnownFileType = sourcecode.c.h; path = MovieCollectionViewCell.h; sourceTree = "<group>"; };
		C2FBCB081C3FF16600B244D8 /* MovieCollectionViewCell.m */ = {isa = PBXFileReference; fileEncoding = 4; lastKnownFileType = sourcecode.c.objc; path = MovieCollectionViewCell.m; sourceTree = "<group>"; };
		C2FBCB091C3FF16600B244D8 /* MovieCollectionViewCell.xib */ = {isa = PBXFileReference; fileEncoding = 4; lastKnownFileType = file.xib; path = MovieCollectionViewCell.xib; sourceTree = "<group>"; };
		C2FBCB0C1C3FF64400B244D8 /* CinemaTableViewCell.h */ = {isa = PBXFileReference; fileEncoding = 4; lastKnownFileType = sourcecode.c.h; path = CinemaTableViewCell.h; sourceTree = "<group>"; };
		C2FBCB0D1C3FF64400B244D8 /* CinemaTableViewCell.m */ = {isa = PBXFileReference; fileEncoding = 4; lastKnownFileType = sourcecode.c.objc; path = CinemaTableViewCell.m; sourceTree = "<group>"; };
		C2FBCB0E1C3FF64400B244D8 /* CinemaTableViewCell.xib */ = {isa = PBXFileReference; fileEncoding = 4; lastKnownFileType = file.xib; path = CinemaTableViewCell.xib; sourceTree = "<group>"; };
		C2FBCB111C3FF66500B244D8 /* CinemaModel.h */ = {isa = PBXFileReference; fileEncoding = 4; lastKnownFileType = sourcecode.c.h; path = CinemaModel.h; sourceTree = "<group>"; };
		C2FBCB121C3FF66500B244D8 /* CinemaModel.m */ = {isa = PBXFileReference; fileEncoding = 4; lastKnownFileType = sourcecode.c.objc; path = CinemaModel.m; sourceTree = "<group>"; };
		C2FBCB151C3FFCB400B244D8 /* LoginViewController.h */ = {isa = PBXFileReference; fileEncoding = 4; lastKnownFileType = sourcecode.c.h; path = LoginViewController.h; sourceTree = "<group>"; };
		C2FBCB161C3FFCB400B244D8 /* LoginViewController.m */ = {isa = PBXFileReference; fileEncoding = 4; lastKnownFileType = sourcecode.c.objc; path = LoginViewController.m; sourceTree = "<group>"; };
		C2FBCB1E1C40017F00B244D8 /* FMDatabase.h */ = {isa = PBXFileReference; fileEncoding = 4; lastKnownFileType = sourcecode.c.h; path = FMDatabase.h; sourceTree = "<group>"; };
		C2FBCB1F1C40017F00B244D8 /* FMDatabase.m */ = {isa = PBXFileReference; fileEncoding = 4; lastKnownFileType = sourcecode.c.objc; path = FMDatabase.m; sourceTree = "<group>"; };
		C2FBCB201C40017F00B244D8 /* FMDatabaseAdditions.h */ = {isa = PBXFileReference; fileEncoding = 4; lastKnownFileType = sourcecode.c.h; path = FMDatabaseAdditions.h; sourceTree = "<group>"; };
		C2FBCB211C40017F00B244D8 /* FMDatabaseAdditions.m */ = {isa = PBXFileReference; fileEncoding = 4; lastKnownFileType = sourcecode.c.objc; path = FMDatabaseAdditions.m; sourceTree = "<group>"; };
		C2FBCB221C40017F00B244D8 /* FMDatabasePool.h */ = {isa = PBXFileReference; fileEncoding = 4; lastKnownFileType = sourcecode.c.h; path = FMDatabasePool.h; sourceTree = "<group>"; };
		C2FBCB231C40017F00B244D8 /* FMDatabasePool.m */ = {isa = PBXFileReference; fileEncoding = 4; lastKnownFileType = sourcecode.c.objc; path = FMDatabasePool.m; sourceTree = "<group>"; };
		C2FBCB241C40017F00B244D8 /* FMDatabaseQueue.h */ = {isa = PBXFileReference; fileEncoding = 4; lastKnownFileType = sourcecode.c.h; path = FMDatabaseQueue.h; sourceTree = "<group>"; };
		C2FBCB251C40017F00B244D8 /* FMDatabaseQueue.m */ = {isa = PBXFileReference; fileEncoding = 4; lastKnownFileType = sourcecode.c.objc; path = FMDatabaseQueue.m; sourceTree = "<group>"; };
		C2FBCB261C40017F00B244D8 /* FMDB.h */ = {isa = PBXFileReference; fileEncoding = 4; lastKnownFileType = sourcecode.c.h; path = FMDB.h; sourceTree = "<group>"; };
		C2FBCB271C40017F00B244D8 /* FMResultSet.h */ = {isa = PBXFileReference; fileEncoding = 4; lastKnownFileType = sourcecode.c.h; path = FMResultSet.h; sourceTree = "<group>"; };
		C2FBCB281C40017F00B244D8 /* FMResultSet.m */ = {isa = PBXFileReference; fileEncoding = 4; lastKnownFileType = sourcecode.c.objc; path = FMResultSet.m; sourceTree = "<group>"; };
		C2FBCB2E1C40019100B244D8 /* DataHelper.h */ = {isa = PBXFileReference; fileEncoding = 4; lastKnownFileType = sourcecode.c.h; path = DataHelper.h; sourceTree = "<group>"; };
		C2FBCB2F1C40019100B244D8 /* DataHelper.m */ = {isa = PBXFileReference; fileEncoding = 4; lastKnownFileType = sourcecode.c.objc; path = DataHelper.m; sourceTree = "<group>"; };
		C2FBCB311C4001CB00B244D8 /* libsqlite3.tbd */ = {isa = PBXFileReference; lastKnownFileType = "sourcecode.text-based-dylib-definition"; name = libsqlite3.tbd; path = usr/lib/libsqlite3.tbd; sourceTree = SDKROOT; };
		C2FBCB331C40027900B244D8 /* FavouriteTableViewController.h */ = {isa = PBXFileReference; fileEncoding = 4; lastKnownFileType = sourcecode.c.h; path = FavouriteTableViewController.h; sourceTree = "<group>"; };
		C2FBCB341C40027900B244D8 /* FavouriteTableViewController.m */ = {isa = PBXFileReference; fileEncoding = 4; lastKnownFileType = sourcecode.c.objc; path = FavouriteTableViewController.m; sourceTree = "<group>"; };
		C2FBCB371C4002CD00B244D8 /* FavouriteModel.h */ = {isa = PBXFileReference; fileEncoding = 4; lastKnownFileType = sourcecode.c.h; path = FavouriteModel.h; sourceTree = "<group>"; };
		C2FBCB381C4002CD00B244D8 /* FavouriteModel.m */ = {isa = PBXFileReference; fileEncoding = 4; lastKnownFileType = sourcecode.c.objc; path = FavouriteModel.m; sourceTree = "<group>"; };
/* End PBXFileReference section */

/* Begin PBXFrameworksBuildPhase section */
		C2FBCA0C1C3FC84D00B244D8 /* Frameworks */ = {
			isa = PBXFrameworksBuildPhase;
			buildActionMask = 2147483647;
			files = (
				C2FBCB321C4001CB00B244D8 /* libsqlite3.tbd in Frameworks */,
			);
			runOnlyForDeploymentPostprocessing = 0;
		};
/* End PBXFrameworksBuildPhase section */

/* Begin PBXGroup section */
		C2122A811C40F265009A13F6 /* ActivityDetail */ = {
			isa = PBXGroup;
			children = (
				C2122A821C40F2DE009A13F6 /* ActivityDetailViewController.h */,
				C2122A831C40F2DE009A13F6 /* ActivityDetailViewController.m */,
			);
			name = ActivityDetail;
			sourceTree = "<group>";
		};
		C2122A881C410C41009A13F6 /* View */ = {
			isa = PBXGroup;
			children = (
				C2FBCAFF1C3FE83F00B244D8 /* MovieTableViewCell.h */,
				C2FBCB001C3FE83F00B244D8 /* MovieTableViewCell.m */,
				C2FBCB011C3FE83F00B244D8 /* MovieTableViewCell.xib */,
				C2FBCB071C3FF16600B244D8 /* MovieCollectionViewCell.h */,
				C2FBCB081C3FF16600B244D8 /* MovieCollectionViewCell.m */,
				C2FBCB091C3FF16600B244D8 /* MovieCollectionViewCell.xib */,
			);
			name = View;
			sourceTree = "<group>";
		};
		C2122A891C410CFD009A13F6 /* Model */ = {
			isa = PBXGroup;
			children = (
				C2FBCAF91C3FE80500B244D8 /* MovieModel.h */,
				C2FBCAFA1C3FE80500B244D8 /* MovieModel.m */,
				C2122A8A1C410D24009A13F6 /* MovieDetal.h */,
				C2122A8B1C410D24009A13F6 /* MovieDetal.m */,
			);
			name = Model;
			sourceTree = "<group>";
		};
		C2FBCA061C3FC84B00B244D8 = {
			isa = PBXGroup;
			children = (
				C2FBCB311C4001CB00B244D8 /* libsqlite3.tbd */,
				C2FBCA111C3FC84D00B244D8 /* DouBan-Today */,
				C2FBCA101C3FC84D00B244D8 /* Products */,
			);
			sourceTree = "<group>";
		};
		C2FBCA101C3FC84D00B244D8 /* Products */ = {
			isa = PBXGroup;
			children = (
				C2FBCA0F1C3FC84D00B244D8 /* DouBan-Today.app */,
			);
			name = Products;
			sourceTree = "<group>";
		};
		C2FBCA111C3FC84D00B244D8 /* DouBan-Today */ = {
			isa = PBXGroup;
			children = (
				C2FBCA1B1C3FC84E00B244D8 /* Main.storyboard */,
				C2FBCAA91C3FCB3F00B244D8 /* Classes */,
				C2FBCAB71C3FCD5100B244D8 /* Utils */,
				C2FBCAC31C3FD98900B244D8 /* Vendors */,
				C2FBCA2F1C3FC9BA00B244D8 /* Resources */,
				C2FBCA2E1C3FC9AB00B244D8 /* Marcos */,
				C2FBCA121C3FC84D00B244D8 /* Supporting Files */,
			);
			path = "DouBan-Today";
			sourceTree = "<group>";
		};
		C2FBCA121C3FC84D00B244D8 /* Supporting Files */ = {
			isa = PBXGroup;
			children = (
				C2FBCA1E1C3FC84E00B244D8 /* Assets.xcassets */,
				C2FBCA201C3FC84E00B244D8 /* LaunchScreen.storyboard */,
				C2FBCA231C3FC84E00B244D8 /* Info.plist */,
				C2FBCA131C3FC84D00B244D8 /* main.m */,
			);
			name = "Supporting Files";
			sourceTree = "<group>";
		};
		C2FBCA2D1C3FC98700B244D8 /* AppDelegate */ = {
			isa = PBXGroup;
			children = (
				C2FBCA151C3FC84D00B244D8 /* AppDelegate.h */,
				C2FBCA161C3FC84D00B244D8 /* AppDelegate.m */,
				C2FBCA2A1C3FC97B00B244D8 /* RootViewController.h */,
				C2FBCA2B1C3FC97B00B244D8 /* RootViewController.m */,
			);
			name = AppDelegate;
			sourceTree = "<group>";
		};
		C2FBCA2E1C3FC9AB00B244D8 /* Marcos */ = {
			isa = PBXGroup;
			children = (
				C2FBCA291C3FC88600B244D8 /* DouBan-PreFix.pch */,
			);
			name = Marcos;
			sourceTree = "<group>";
		};
		C2FBCA2F1C3FC9BA00B244D8 /* Resources */ = {
			isa = PBXGroup;
			children = (
				C2FBCA461C3FC9FE00B244D8 /* Images */,
			);
			name = Resources;
			sourceTree = "<group>";
		};
		C2FBCA461C3FC9FE00B244D8 /* Images */ = {
			isa = PBXGroup;
			children = (
				C2FBCA471C3FC9FE00B244D8 /* ActivityDetail */,
				C2FBCA501C3FC9FE00B244D8 /* ActivityList */,
				C2FBCA5D1C3FC9FE00B244D8 /* MovieList */,
				C2FBCA601C3FC9FE00B244D8 /* NavBar */,
				C2FBCA6B1C3FC9FE00B244D8 /* TabBar */,
				C2FBCA701C3FC9FE00B244D8 /* UserPicture */,
				C2FBCA751C3FC9FF00B244D8 /* 程序设置 */,
			);
			path = Images;
			sourceTree = "<group>";
		};
		C2FBCA471C3FC9FE00B244D8 /* ActivityDetail */ = {
			isa = PBXGroup;
			children = (
				C2FBCA481C3FC9FE00B244D8 /* icon_catalog_blue.png */,
				C2FBCA491C3FC9FE00B244D8 /* icon_catalog_blue@2x.png */,
				C2FBCA4A1C3FC9FE00B244D8 /* icon_date_blue.png */,
				C2FBCA4B1C3FC9FE00B244D8 /* icon_date_blue@2x.png */,
				C2FBCA4C1C3FC9FE00B244D8 /* icon_sponsor_blue.png */,
				C2FBCA4D1C3FC9FE00B244D8 /* icon_sponsor_blue@2x.png */,
				C2FBCA4E1C3FC9FE00B244D8 /* icon_spot_blue.png */,
				C2FBCA4F1C3FC9FE00B244D8 /* icon_spot_blue@2x.png */,
			);
			path = ActivityDetail;
			sourceTree = "<group>";
		};
		C2FBCA501C3FC9FE00B244D8 /* ActivityList */ = {
			isa = PBXGroup;
			children = (
				C2FBCA511C3FC9FE00B244D8 /* bg_eventlistcell.png */,
				C2FBCA521C3FC9FE00B244D8 /* bg_eventlistcell@2x.png */,
				C2FBCA531C3FC9FE00B244D8 /* bg_share_large.png */,
				C2FBCA541C3FC9FE00B244D8 /* bg_share_large@2x.png */,
				C2FBCA551C3FC9FE00B244D8 /* icon_catalog.png */,
				C2FBCA561C3FC9FE00B244D8 /* icon_catalog@2x.png */,
				C2FBCA571C3FC9FE00B244D8 /* icon_date.png */,
				C2FBCA581C3FC9FE00B244D8 /* icon_date@2x.png */,
				C2FBCA591C3FC9FE00B244D8 /* icon_spot.png */,
				C2FBCA5A1C3FC9FE00B244D8 /* icon_spot@2x.png */,
				C2FBCA5B1C3FC9FE00B244D8 /* placeHolder.png */,
				C2FBCA5C1C3FC9FE00B244D8 /* placeHolder@2x.png */,
			);
			path = ActivityList;
			sourceTree = "<group>";
		};
		C2FBCA5D1C3FC9FE00B244D8 /* MovieList */ = {
			isa = PBXGroup;
			children = (
				C2FBCA5E1C3FC9FE00B244D8 /* ic_star_half@2x.png */,
				C2FBCA5F1C3FC9FE00B244D8 /* ic_star_red@2x.png */,
			);
			path = MovieList;
			sourceTree = "<group>";
		};
		C2FBCA601C3FC9FE00B244D8 /* NavBar */ = {
			isa = PBXGroup;
			children = (
				C2FBCA611C3FC9FE00B244D8 /* bg_nav.png */,
				C2FBCA621C3FC9FE00B244D8 /* bg_nav@2x.png */,
				C2FBCA631C3FC9FE00B244D8 /* btn_nav_back.png */,
				C2FBCA641C3FC9FE00B244D8 /* btn_nav_back@2x.png */,
				C2FBCA651C3FC9FE00B244D8 /* btn_nav_collection@2x.png */,
				C2FBCA661C3FC9FE00B244D8 /* btn_nav_list@2x.png */,
				C2FBCA671C3FC9FE00B244D8 /* btn_nav_share.png */,
				C2FBCA681C3FC9FE00B244D8 /* btn_nav_share@2x.png */,
				C2FBCA691C3FC9FE00B244D8 /* star_faved@2x.png */,
				C2FBCA6A1C3FC9FE00B244D8 /* star_unfav@2x.png */,
			);
			path = NavBar;
			sourceTree = "<group>";
		};
		C2FBCA6B1C3FC9FE00B244D8 /* TabBar */ = {
			isa = PBXGroup;
			children = (
				C2FBCA6C1C3FC9FE00B244D8 /* activity.png */,
				C2FBCA6D1C3FC9FE00B244D8 /* cinema.png */,
				C2FBCA6E1C3FC9FE00B244D8 /* movie.png */,
				C2FBCA6F1C3FC9FE00B244D8 /* user.png */,
			);
			path = TabBar;
			sourceTree = "<group>";
		};
		C2FBCA701C3FC9FE00B244D8 /* UserPicture */ = {
			isa = PBXGroup;
			children = (
				C2FBCA711C3FC9FF00B244D8 /* picholder_profile.png */,
				C2FBCA721C3FC9FF00B244D8 /* picholder_profile@2x.png */,
				C2FBCA731C3FC9FF00B244D8 /* User_Profiles_bg.png */,
				C2FBCA741C3FC9FF00B244D8 /* User_Profiles_bg@2x.png */,
			);
			path = UserPicture;
			sourceTree = "<group>";
		};
		C2FBCA751C3FC9FF00B244D8 /* 程序设置 */ = {
			isa = PBXGroup;
			children = (
				C2FBCA761C3FC9FF00B244D8 /* bg-568h@2x.png */,
				C2FBCA771C3FC9FF00B244D8 /* bg@2x.png */,
				C2FBCA781C3FC9FF00B244D8 /* i0con@2x.png */,
			);
			path = "程序设置";
			sourceTree = "<group>";
		};
		C2FBCAA51C3FCAFF00B244D8 /* Activity */ = {
			isa = PBXGroup;
			children = (
				C2122A811C40F265009A13F6 /* ActivityDetail */,
				C2FBCAAA1C3FCB9100B244D8 /* ActivityTableViewController.h */,
				C2FBCAAB1C3FCB9100B244D8 /* ActivityTableViewController.m */,
				C2FBCABB1C3FD2D100B244D8 /* ActivityModel.h */,
				C2FBCABC1C3FD2D100B244D8 /* ActivityModel.m */,
				C2FBCABE1C3FD53900B244D8 /* ActivityTableViewCell.h */,
				C2FBCABF1C3FD53900B244D8 /* ActivityTableViewCell.m */,
				C2FBCAC01C3FD53900B244D8 /* ActivityTableViewCell.xib */,
			);
			name = Activity;
			sourceTree = "<group>";
		};
		C2FBCAA61C3FCB0D00B244D8 /* Movie */ = {
			isa = PBXGroup;
			children = (
				C2122A891C410CFD009A13F6 /* Model */,
				C2122A881C410C41009A13F6 /* View */,
				C2FBCAAD1C3FCB9B00B244D8 /* MovieTableViewController.h */,
				C2FBCAAE1C3FCB9B00B244D8 /* MovieTableViewController.m */,
				C2122A851C410A34009A13F6 /* MovieNextViewController.h */,
				C2122A861C410A34009A13F6 /* MovieNextViewController.m */,
			);
			name = Movie;
			sourceTree = "<group>";
		};
		C2FBCAA71C3FCB1400B244D8 /* Cinema */ = {
			isa = PBXGroup;
			children = (
				C2FBCAB01C3FCBA400B244D8 /* CinemaTableViewController.h */,
				C2FBCAB11C3FCBA400B244D8 /* CinemaTableViewController.m */,
				C2FBCB0C1C3FF64400B244D8 /* CinemaTableViewCell.h */,
				C2FBCB0D1C3FF64400B244D8 /* CinemaTableViewCell.m */,
				C2FBCB0E1C3FF64400B244D8 /* CinemaTableViewCell.xib */,
				C2FBCB111C3FF66500B244D8 /* CinemaModel.h */,
				C2FBCB121C3FF66500B244D8 /* CinemaModel.m */,
			);
			name = Cinema;
			sourceTree = "<group>";
		};
		C2FBCAA81C3FCB3700B244D8 /* My */ = {
			isa = PBXGroup;
			children = (
				C2FBCB361C40028000B244D8 /* Favourite */,
				C2FBCAB41C3FCBB100B244D8 /* MyTableViewController.h */,
				C2FBCAB51C3FCBB100B244D8 /* MyTableViewController.m */,
				C2FBCB151C3FFCB400B244D8 /* LoginViewController.h */,
				C2FBCB161C3FFCB400B244D8 /* LoginViewController.m */,
				C2122A7B1C40D0E7009A13F6 /* RegistTableViewController.h */,
				C2122A7C1C40D0E7009A13F6 /* RegistTableViewController.m */,
			);
			name = My;
			sourceTree = "<group>";
		};
		C2FBCAA91C3FCB3F00B244D8 /* Classes */ = {
			isa = PBXGroup;
			children = (
				C2FBCA2D1C3FC98700B244D8 /* AppDelegate */,
				C2FBCAA51C3FCAFF00B244D8 /* Activity */,
				C2FBCAA61C3FCB0D00B244D8 /* Movie */,
				C2FBCAA71C3FCB1400B244D8 /* Cinema */,
				C2FBCAA81C3FCB3700B244D8 /* My */,
			);
			name = Classes;
			sourceTree = "<group>";
		};
		C2FBCAB71C3FCD5100B244D8 /* Utils */ = {
			isa = PBXGroup;
			children = (
				C2FBCAB81C3FCD8200B244D8 /* NetWorkHelper.h */,
				C2FBCAB91C3FCD8200B244D8 /* NetWorkHelper.m */,
				C2FBCB2E1C40019100B244D8 /* DataHelper.h */,
				C2FBCB2F1C40019100B244D8 /* DataHelper.m */,
			);
			name = Utils;
			sourceTree = "<group>";
		};
		C2FBCAC31C3FD98900B244D8 /* Vendors */ = {
			isa = PBXGroup;
			children = (
				C2122A7E1C40DE9F009A13F6 /* MBProgressHUD.h */,
				C2122A7F1C40DE9F009A13F6 /* MBProgressHUD.m */,
				C2FBCB1B1C40017F00B244D8 /* FMDB */,
				C2FBCAC41C3FD99D00B244D8 /* SDWebImage */,
			);
			name = Vendors;
			sourceTree = "<group>";
		};
		C2FBCAC41C3FD99D00B244D8 /* SDWebImage */ = {
			isa = PBXGroup;
			children = (
				C2FBCAC51C3FD99D00B244D8 /* MKAnnotationView+WebCache.h */,
				C2FBCAC61C3FD99D00B244D8 /* MKAnnotationView+WebCache.m */,
				C2FBCAC71C3FD99D00B244D8 /* NSData+ImageContentType.h */,
				C2FBCAC81C3FD99D00B244D8 /* NSData+ImageContentType.m */,
				C2FBCAC91C3FD99D00B244D8 /* SDImageCache.h */,
				C2FBCACA1C3FD99D00B244D8 /* SDImageCache.m */,
				C2FBCACB1C3FD99D00B244D8 /* SDWebImageCompat.h */,
				C2FBCACC1C3FD99D00B244D8 /* SDWebImageCompat.m */,
				C2FBCACD1C3FD99D00B244D8 /* SDWebImageDecoder.h */,
				C2FBCACE1C3FD99D00B244D8 /* SDWebImageDecoder.m */,
				C2FBCACF1C3FD99D00B244D8 /* SDWebImageDownloader.h */,
				C2FBCAD01C3FD99D00B244D8 /* SDWebImageDownloader.m */,
				C2FBCAD11C3FD99D00B244D8 /* SDWebImageDownloaderOperation.h */,
				C2FBCAD21C3FD99D00B244D8 /* SDWebImageDownloaderOperation.m */,
				C2FBCAD31C3FD99D00B244D8 /* SDWebImageManager.h */,
				C2FBCAD41C3FD99D00B244D8 /* SDWebImageManager.m */,
				C2FBCAD51C3FD99D00B244D8 /* SDWebImageOperation.h */,
				C2FBCAD61C3FD99D00B244D8 /* SDWebImagePrefetcher.h */,
				C2FBCAD71C3FD99D00B244D8 /* SDWebImagePrefetcher.m */,
				C2FBCAD81C3FD99D00B244D8 /* UIButton+WebCache.h */,
				C2FBCAD91C3FD99D00B244D8 /* UIButton+WebCache.m */,
				C2FBCADA1C3FD99D00B244D8 /* UIImage+GIF.h */,
				C2FBCADB1C3FD99D00B244D8 /* UIImage+GIF.m */,
				C2FBCADC1C3FD99D00B244D8 /* UIImage+MultiFormat.h */,
				C2FBCADD1C3FD99D00B244D8 /* UIImage+MultiFormat.m */,
				C2FBCADE1C3FD99D00B244D8 /* UIImage+WebP.h */,
				C2FBCADF1C3FD99D00B244D8 /* UIImage+WebP.m */,
				C2FBCAE01C3FD99D00B244D8 /* UIImageView+HighlightedWebCache.h */,
				C2FBCAE11C3FD99D00B244D8 /* UIImageView+HighlightedWebCache.m */,
				C2FBCAE21C3FD99D00B244D8 /* UIImageView+WebCache.h */,
				C2FBCAE31C3FD99D00B244D8 /* UIImageView+WebCache.m */,
				C2FBCAE41C3FD99D00B244D8 /* UIView+WebCacheOperation.h */,
				C2FBCAE51C3FD99D00B244D8 /* UIView+WebCacheOperation.m */,
			);
			path = SDWebImage;
			sourceTree = "<group>";
		};
		C2FBCB1B1C40017F00B244D8 /* FMDB */ = {
			isa = PBXGroup;
			children = (
				C2FBCB1C1C40017F00B244D8 /* src */,
			);
			path = FMDB;
			sourceTree = "<group>";
		};
		C2FBCB1C1C40017F00B244D8 /* src */ = {
			isa = PBXGroup;
			children = (
				C2FBCB1D1C40017F00B244D8 /* fmdb */,
			);
			path = src;
			sourceTree = "<group>";
		};
		C2FBCB1D1C40017F00B244D8 /* fmdb */ = {
			isa = PBXGroup;
			children = (
				C2FBCB1E1C40017F00B244D8 /* FMDatabase.h */,
				C2FBCB1F1C40017F00B244D8 /* FMDatabase.m */,
				C2FBCB201C40017F00B244D8 /* FMDatabaseAdditions.h */,
				C2FBCB211C40017F00B244D8 /* FMDatabaseAdditions.m */,
				C2FBCB221C40017F00B244D8 /* FMDatabasePool.h */,
				C2FBCB231C40017F00B244D8 /* FMDatabasePool.m */,
				C2FBCB241C40017F00B244D8 /* FMDatabaseQueue.h */,
				C2FBCB251C40017F00B244D8 /* FMDatabaseQueue.m */,
				C2FBCB261C40017F00B244D8 /* FMDB.h */,
				C2FBCB271C40017F00B244D8 /* FMResultSet.h */,
				C2FBCB281C40017F00B244D8 /* FMResultSet.m */,
			);
			path = fmdb;
			sourceTree = "<group>";
		};
		C2FBCB361C40028000B244D8 /* Favourite */ = {
			isa = PBXGroup;
			children = (
				C25779AC1C40974F00EC4466 /* User.h */,
				C25779AD1C40974F00EC4466 /* User.m */,
				C2FBCB331C40027900B244D8 /* FavouriteTableViewController.h */,
				C2FBCB341C40027900B244D8 /* FavouriteTableViewController.m */,
				C2FBCB371C4002CD00B244D8 /* FavouriteModel.h */,
				C2FBCB381C4002CD00B244D8 /* FavouriteModel.m */,
			);
			name = Favourite;
			sourceTree = "<group>";
		};
/* End PBXGroup section */

/* Begin PBXNativeTarget section */
		C2FBCA0E1C3FC84D00B244D8 /* DouBan-Today */ = {
			isa = PBXNativeTarget;
			buildConfigurationList = C2FBCA261C3FC84E00B244D8 /* Build configuration list for PBXNativeTarget "DouBan-Today" */;
			buildPhases = (
				C2FBCA0B1C3FC84D00B244D8 /* Sources */,
				C2FBCA0C1C3FC84D00B244D8 /* Frameworks */,
				C2FBCA0D1C3FC84D00B244D8 /* Resources */,
			);
			buildRules = (
			);
			dependencies = (
			);
			name = "DouBan-Today";
			productName = "DouBan-Today";
			productReference = C2FBCA0F1C3FC84D00B244D8 /* DouBan-Today.app */;
			productType = "com.apple.product-type.application";
		};
/* End PBXNativeTarget section */

/* Begin PBXProject section */
		C2FBCA071C3FC84B00B244D8 /* Project object */ = {
			isa = PBXProject;
			attributes = {
				LastUpgradeCheck = 0710;
				ORGANIZATIONNAME = wey;
				TargetAttributes = {
					C2FBCA0E1C3FC84D00B244D8 = {
						CreatedOnToolsVersion = 7.1;
					};
				};
			};
			buildConfigurationList = C2FBCA0A1C3FC84B00B244D8 /* Build configuration list for PBXProject "DouBan-Today" */;
			compatibilityVersion = "Xcode 3.2";
			developmentRegion = English;
			hasScannedForEncodings = 0;
			knownRegions = (
				en,
				Base,
			);
			mainGroup = C2FBCA061C3FC84B00B244D8;
			productRefGroup = C2FBCA101C3FC84D00B244D8 /* Products */;
			projectDirPath = "";
			projectRoot = "";
			targets = (
				C2FBCA0E1C3FC84D00B244D8 /* DouBan-Today */,
			);
		};
/* End PBXProject section */

/* Begin PBXResourcesBuildPhase section */
		C2FBCA0D1C3FC84D00B244D8 /* Resources */ = {
			isa = PBXResourcesBuildPhase;
			buildActionMask = 2147483647;
			files = (
				C2FBCB101C3FF64400B244D8 /* CinemaTableViewCell.xib in Resources */,
				C2FBCA921C3FC9FF00B244D8 /* btn_nav_back@2x.png in Resources */,
				C2FBCA7A1C3FC9FF00B244D8 /* icon_catalog_blue@2x.png in Resources */,
				C2FBCA821C3FC9FF00B244D8 /* bg_eventlistcell@2x.png in Resources */,
				C2FBCA811C3FC9FF00B244D8 /* bg_eventlistcell.png in Resources */,
				C2FBCAA11C3FC9FF00B244D8 /* bg-568h@2x.png in Resources */,
				C2FBCA861C3FC9FF00B244D8 /* icon_catalog@2x.png in Resources */,
				C2FBCA941C3FC9FF00B244D8 /* btn_nav_list@2x.png in Resources */,
				C2FBCA8B1C3FC9FF00B244D8 /* placeHolder.png in Resources */,
				C2FBCA881C3FC9FF00B244D8 /* icon_date@2x.png in Resources */,
				C2FBCAA31C3FC9FF00B244D8 /* i0con@2x.png in Resources */,
				C2FBCAA21C3FC9FF00B244D8 /* bg@2x.png in Resources */,
				C2FBCA221C3FC84E00B244D8 /* LaunchScreen.storyboard in Resources */,
				C2FBCA891C3FC9FF00B244D8 /* icon_spot.png in Resources */,
				C2FBCA961C3FC9FF00B244D8 /* btn_nav_share@2x.png in Resources */,
				C2FBCA9C1C3FC9FF00B244D8 /* user.png in Resources */,
				C2FBCA831C3FC9FF00B244D8 /* bg_share_large.png in Resources */,
				C2FBCA841C3FC9FF00B244D8 /* bg_share_large@2x.png in Resources */,
				C2FBCA851C3FC9FF00B244D8 /* icon_catalog.png in Resources */,
				C2FBCA8C1C3FC9FF00B244D8 /* placeHolder@2x.png in Resources */,
				C2FBCA7B1C3FC9FF00B244D8 /* icon_date_blue.png in Resources */,
				C2FBCA7E1C3FC9FF00B244D8 /* icon_sponsor_blue@2x.png in Resources */,
				C2FBCA9D1C3FC9FF00B244D8 /* picholder_profile.png in Resources */,
				C2FBCA7D1C3FC9FF00B244D8 /* icon_sponsor_blue.png in Resources */,
				C2FBCA981C3FC9FF00B244D8 /* star_unfav@2x.png in Resources */,
				C2FBCA9E1C3FC9FF00B244D8 /* picholder_profile@2x.png in Resources */,
				C2FBCAC21C3FD53900B244D8 /* ActivityTableViewCell.xib in Resources */,
				C2FBCB031C3FE83F00B244D8 /* MovieTableViewCell.xib in Resources */,
				C2FBCB0B1C3FF16600B244D8 /* MovieCollectionViewCell.xib in Resources */,
				C2FBCA8E1C3FC9FF00B244D8 /* ic_star_red@2x.png in Resources */,
				C2FBCA8D1C3FC9FF00B244D8 /* ic_star_half@2x.png in Resources */,
				C2FBCA8A1C3FC9FF00B244D8 /* icon_spot@2x.png in Resources */,
				C2FBCA9B1C3FC9FF00B244D8 /* movie.png in Resources */,
				C2FBCA931C3FC9FF00B244D8 /* btn_nav_collection@2x.png in Resources */,
				C2FBCA1F1C3FC84E00B244D8 /* Assets.xcassets in Resources */,
				C2FBCA911C3FC9FF00B244D8 /* btn_nav_back.png in Resources */,
				C2FBCA791C3FC9FF00B244D8 /* icon_catalog_blue.png in Resources */,
				C2FBCA1D1C3FC84E00B244D8 /* Main.storyboard in Resources */,
				C2FBCAA01C3FC9FF00B244D8 /* User_Profiles_bg@2x.png in Resources */,
				C2FBCA871C3FC9FF00B244D8 /* icon_date.png in Resources */,
				C2FBCA991C3FC9FF00B244D8 /* activity.png in Resources */,
				C2FBCA9A1C3FC9FF00B244D8 /* cinema.png in Resources */,
				C2FBCA801C3FC9FF00B244D8 /* icon_spot_blue@2x.png in Resources */,
				C2FBCA901C3FC9FF00B244D8 /* bg_nav@2x.png in Resources */,
				C2FBCA7F1C3FC9FF00B244D8 /* icon_spot_blue.png in Resources */,
				C2FBCA8F1C3FC9FF00B244D8 /* bg_nav.png in Resources */,
				C2FBCA951C3FC9FF00B244D8 /* btn_nav_share.png in Resources */,
				C2FBCA7C1C3FC9FF00B244D8 /* icon_date_blue@2x.png in Resources */,
				C2FBCA971C3FC9FF00B244D8 /* star_faved@2x.png in Resources */,
				C2FBCA9F1C3FC9FF00B244D8 /* User_Profiles_bg.png in Resources */,
			);
			runOnlyForDeploymentPostprocessing = 0;
		};
/* End PBXResourcesBuildPhase section */

/* Begin PBXSourcesBuildPhase section */
		C2FBCA0B1C3FC84D00B244D8 /* Sources */ = {
			isa = PBXSourcesBuildPhase;
			buildActionMask = 2147483647;
			files = (
				C2FBCAAC1C3FCB9100B244D8 /* ActivityTableViewController.m in Sources */,
				C2FBCAE61C3FD99D00B244D8 /* MKAnnotationView+WebCache.m in Sources */,
				C2FBCA171C3FC84D00B244D8 /* AppDelegate.m in Sources */,
				C2122A7D1C40D0E7009A13F6 /* RegistTableViewController.m in Sources */,
				C2FBCB0A1C3FF16600B244D8 /* MovieCollectionViewCell.m in Sources */,
				C2FBCAEE1C3FD99D00B244D8 /* SDWebImagePrefetcher.m in Sources */,
				C2FBCB351C40027900B244D8 /* FavouriteTableViewController.m in Sources */,
				C2FBCAED1C3FD99D00B244D8 /* SDWebImageManager.m in Sources */,
				C2FBCB301C40019100B244D8 /* DataHelper.m in Sources */,
				C25779AE1C40974F00EC4466 /* User.m in Sources */,
				C2FBCABD1C3FD2D100B244D8 /* ActivityModel.m in Sources */,
				C2FBCAAF1C3FCB9B00B244D8 /* MovieTableViewController.m in Sources */,
				C2FBCB171C3FFCB400B244D8 /* LoginViewController.m in Sources */,
				C2FBCAF41C3FD99D00B244D8 /* UIImageView+WebCache.m in Sources */,
				C2FBCAE91C3FD99D00B244D8 /* SDWebImageCompat.m in Sources */,
				C2FBCAC11C3FD53900B244D8 /* ActivityTableViewCell.m in Sources */,
				C2FBCB2C1C40017F00B244D8 /* FMDatabaseQueue.m in Sources */,
				C2FBCAEA1C3FD99D00B244D8 /* SDWebImageDecoder.m in Sources */,
				C2FBCB2B1C40017F00B244D8 /* FMDatabasePool.m in Sources */,
				C2FBCAF11C3FD99D00B244D8 /* UIImage+MultiFormat.m in Sources */,
				C2122A841C40F2DE009A13F6 /* ActivityDetailViewController.m in Sources */,
				C2FBCAF21C3FD99D00B244D8 /* UIImage+WebP.m in Sources */,
				C2FBCAEC1C3FD99D00B244D8 /* SDWebImageDownloaderOperation.m in Sources */,
				C2FBCAF51C3FD99D00B244D8 /* UIView+WebCacheOperation.m in Sources */,
				C2FBCB0F1C3FF64400B244D8 /* CinemaTableViewCell.m in Sources */,
				C2FBCAEB1C3FD99D00B244D8 /* SDWebImageDownloader.m in Sources */,
				C2FBCB2A1C40017F00B244D8 /* FMDatabaseAdditions.m in Sources */,
				C2FBCAFB1C3FE80500B244D8 /* MovieModel.m in Sources */,
				C2FBCAF01C3FD99D00B244D8 /* UIImage+GIF.m in Sources */,
				C2122A8C1C410D24009A13F6 /* MovieDetal.m in Sources */,
				C2FBCB2D1C40017F00B244D8 /* FMResultSet.m in Sources */,
				C2FBCB291C40017F00B244D8 /* FMDatabase.m in Sources */,
				C2122A801C40DE9F009A13F6 /* MBProgressHUD.m in Sources */,
				C2FBCA141C3FC84D00B244D8 /* main.m in Sources */,
				C2FBCABA1C3FCD8200B244D8 /* NetWorkHelper.m in Sources */,
				C2FBCAB61C3FCBB100B244D8 /* MyTableViewController.m in Sources */,
				C2FBCAF31C3FD99D00B244D8 /* UIImageView+HighlightedWebCache.m in Sources */,
				C2FBCB021C3FE83F00B244D8 /* MovieTableViewCell.m in Sources */,
				C2122A871C410A34009A13F6 /* MovieNextViewController.m in Sources */,
				C2FBCAB21C3FCBA400B244D8 /* CinemaTableViewController.m in Sources */,
				C2FBCAE81C3FD99D00B244D8 /* SDImageCache.m in Sources */,
				C2FBCAEF1C3FD99D00B244D8 /* UIButton+WebCache.m in Sources */,
				C2FBCAE71C3FD99D00B244D8 /* NSData+ImageContentType.m in Sources */,
				C2FBCB391C4002CD00B244D8 /* FavouriteModel.m in Sources */,
				C2FBCB131C3FF66500B244D8 /* CinemaModel.m in Sources */,
				C2FBCA2C1C3FC97B00B244D8 /* RootViewController.m in Sources */,
			);
			runOnlyForDeploymentPostprocessing = 0;
		};
/* End PBXSourcesBuildPhase section */

/* Begin PBXVariantGroup section */
		C2FBCA1B1C3FC84E00B244D8 /* Main.storyboard */ = {
			isa = PBXVariantGroup;
			children = (
				C2FBCA1C1C3FC84E00B244D8 /* Base */,
			);
			name = Main.storyboard;
			sourceTree = "<group>";
		};
		C2FBCA201C3FC84E00B244D8 /* LaunchScreen.storyboard */ = {
			isa = PBXVariantGroup;
			children = (
				C2FBCA211C3FC84E00B244D8 /* Base */,
			);
			name = LaunchScreen.storyboard;
			sourceTree = "<group>";
		};
/* End PBXVariantGroup section */

/* Begin XCBuildConfiguration section */
		C2FBCA241C3FC84E00B244D8 /* Debug */ = {
			isa = XCBuildConfiguration;
			buildSettings = {
				ALWAYS_SEARCH_USER_PATHS = NO;
				CLANG_CXX_LANGUAGE_STANDARD = "gnu++0x";
				CLANG_CXX_LIBRARY = "libc++";
				CLANG_ENABLE_MODULES = YES;
				CLANG_ENABLE_OBJC_ARC = YES;
				CLANG_WARN_BOOL_CONVERSION = YES;
				CLANG_WARN_CONSTANT_CONVERSION = YES;
				CLANG_WARN_DIRECT_OBJC_ISA_USAGE = YES_ERROR;
				CLANG_WARN_EMPTY_BODY = YES;
				CLANG_WARN_ENUM_CONVERSION = YES;
				CLANG_WARN_INT_CONVERSION = YES;
				CLANG_WARN_OBJC_ROOT_CLASS = YES_ERROR;
				CLANG_WARN_UNREACHABLE_CODE = YES;
				CLANG_WARN__DUPLICATE_METHOD_MATCH = YES;
				"CODE_SIGN_IDENTITY[sdk=iphoneos*]" = "iPhone Developer";
				COPY_PHASE_STRIP = NO;
				DEBUG_INFORMATION_FORMAT = dwarf;
				ENABLE_STRICT_OBJC_MSGSEND = YES;
				ENABLE_TESTABILITY = YES;
				GCC_C_LANGUAGE_STANDARD = gnu99;
				GCC_DYNAMIC_NO_PIC = NO;
				GCC_NO_COMMON_BLOCKS = YES;
				GCC_OPTIMIZATION_LEVEL = 0;
				GCC_PRECOMPILE_PREFIX_HEADER = YES;
				GCC_PREFIX_HEADER = "DouBan-PreFix.pch";
				GCC_PREPROCESSOR_DEFINITIONS = (
					"DEBUG=1",
					"$(inherited)",
				);
				GCC_WARN_64_TO_32_BIT_CONVERSION = YES;
				GCC_WARN_ABOUT_RETURN_TYPE = YES_ERROR;
				GCC_WARN_UNDECLARED_SELECTOR = YES;
				GCC_WARN_UNINITIALIZED_AUTOS = YES_AGGRESSIVE;
				GCC_WARN_UNUSED_FUNCTION = YES;
				GCC_WARN_UNUSED_VARIABLE = YES;
				IPHONEOS_DEPLOYMENT_TARGET = 9.1;
				MTL_ENABLE_DEBUG_INFO = YES;
				ONLY_ACTIVE_ARCH = YES;
				SDKROOT = iphoneos;
			};
			name = Debug;
		};
		C2FBCA251C3FC84E00B244D8 /* Release */ = {
			isa = XCBuildConfiguration;
			buildSettings = {
				ALWAYS_SEARCH_USER_PATHS = NO;
				CLANG_CXX_LANGUAGE_STANDARD = "gnu++0x";
				CLANG_CXX_LIBRARY = "libc++";
				CLANG_ENABLE_MODULES = YES;
				CLANG_ENABLE_OBJC_ARC = YES;
				CLANG_WARN_BOOL_CONVERSION = YES;
				CLANG_WARN_CONSTANT_CONVERSION = YES;
				CLANG_WARN_DIRECT_OBJC_ISA_USAGE = YES_ERROR;
				CLANG_WARN_EMPTY_BODY = YES;
				CLANG_WARN_ENUM_CONVERSION = YES;
				CLANG_WARN_INT_CONVERSION = YES;
				CLANG_WARN_OBJC_ROOT_CLASS = YES_ERROR;
				CLANG_WARN_UNREACHABLE_CODE = YES;
				CLANG_WARN__DUPLICATE_METHOD_MATCH = YES;
				"CODE_SIGN_IDENTITY[sdk=iphoneos*]" = "iPhone Developer";
				COPY_PHASE_STRIP = NO;
				DEBUG_INFORMATION_FORMAT = "dwarf-with-dsym";
				ENABLE_NS_ASSERTIONS = NO;
				ENABLE_STRICT_OBJC_MSGSEND = YES;
				GCC_C_LANGUAGE_STANDARD = gnu99;
				GCC_NO_COMMON_BLOCKS = YES;
				GCC_PRECOMPILE_PREFIX_HEADER = YES;
				GCC_PREFIX_HEADER = "DouBan-PreFix.pch";
				GCC_WARN_64_TO_32_BIT_CONVERSION = YES;
				GCC_WARN_ABOUT_RETURN_TYPE = YES_ERROR;
				GCC_WARN_UNDECLARED_SELECTOR = YES;
				GCC_WARN_UNINITIALIZED_AUTOS = YES_AGGRESSIVE;
				GCC_WARN_UNUSED_FUNCTION = YES;
				GCC_WARN_UNUSED_VARIABLE = YES;
				IPHONEOS_DEPLOYMENT_TARGET = 9.1;
				MTL_ENABLE_DEBUG_INFO = NO;
				SDKROOT = iphoneos;
				VALIDATE_PRODUCT = YES;
			};
			name = Release;
		};
		C2FBCA271C3FC84E00B244D8 /* Debug */ = {
			isa = XCBuildConfiguration;
			buildSettings = {
				ASSETCATALOG_COMPILER_APPICON_NAME = AppIcon;
				ASSETCATALOG_COMPILER_LAUNCHIMAGE_NAME = LaunchImage;
				GCC_PRECOMPILE_PREFIX_HEADER = YES;
				GCC_PREFIX_HEADER = "DouBan-PreFix.pch";
				INFOPLIST_FILE = "DouBan-Today/Info.plist";
				IPHONEOS_DEPLOYMENT_TARGET = 7.0;
				LD_RUNPATH_SEARCH_PATHS = "$(inherited) @executable_path/Frameworks";
				PRODUCT_BUNDLE_IDENTIFIER = "com.yukon.DouBan-Today";
				PRODUCT_NAME = "$(TARGET_NAME)";
			};
			name = Debug;
		};
		C2FBCA281C3FC84E00B244D8 /* Release */ = {
			isa = XCBuildConfiguration;
			buildSettings = {
				ASSETCATALOG_COMPILER_APPICON_NAME = AppIcon;
				ASSETCATALOG_COMPILER_LAUNCHIMAGE_NAME = LaunchImage;
				GCC_PRECOMPILE_PREFIX_HEADER = YES;
				GCC_PREFIX_HEADER = "DouBan-PreFix.pch";
				INFOPLIST_FILE = "DouBan-Today/Info.plist";
				IPHONEOS_DEPLOYMENT_TARGET = 7.0;
				LD_RUNPATH_SEARCH_PATHS = "$(inherited) @executable_path/Frameworks";
				PRODUCT_BUNDLE_IDENTIFIER = "com.yukon.DouBan-Today";
				PRODUCT_NAME = "$(TARGET_NAME)";
			};
			name = Release;
		};
/* End XCBuildConfiguration section */

/* Begin XCConfigurationList section */
		C2FBCA0A1C3FC84B00B244D8 /* Build configuration list for PBXProject "DouBan-Today" */ = {
			isa = XCConfigurationList;
			buildConfigurations = (
				C2FBCA241C3FC84E00B244D8 /* Debug */,
				C2FBCA251C3FC84E00B244D8 /* Release */,
			);
			defaultConfigurationIsVisible = 0;
			defaultConfigurationName = Release;
		};
		C2FBCA261C3FC84E00B244D8 /* Build configuration list for PBXNativeTarget "DouBan-Today" */ = {
			isa = XCConfigurationList;
			buildConfigurations = (
				C2FBCA271C3FC84E00B244D8 /* Debug */,
				C2FBCA281C3FC84E00B244D8 /* Release */,
			);
			defaultConfigurationIsVisible = 0;
			defaultConfigurationName = Release;
		};
/* End XCConfigurationList section */
	};
	rootObject = C2FBCA071C3FC84B00B244D8 /* Project object */;
}
